
Microsoft Visual Studio Solution File, Format Version 12.00
# Visual Studio Version 17
VisualStudioVersion = 17.8.34408.163
MinimumVisualStudioVersion = 10.0.40219.1
Project("{F184B08F-C81C-45F6-A57F-5ABD9991F28F}") = "9.BMI Calculator", "9.BMI Calculator.vbproj", "{BCAC8896-5B65-44A5-A30F-63905C3186E3}"
EndProject
Global
	GlobalSection(SolutionConfigurationPlatforms) = preSolution
		Debug|Any CPU = Debug|Any CPU
		Release|Any CPU = Release|Any CPU
	EndGlobalSection
	GlobalSection(ProjectConfigurationPlatforms) = postSolution
		{BCAC8896-5B65-44A5-A30F-63905C3186E3}.Debug|Any CPU.ActiveCfg = Debug|Any CPU
		{BCAC8896-5B65-44A5-A30F-63905C3186E3}.Debug|Any CPU.Build.0 = Debug|Any CPU
		{BCAC8896-5B65-44A5-A30F-63905C3186E3}.Release|Any CPU.ActiveCfg = Release|Any CPU
		{BCAC8896-5B65-44A5-A30F-63905C3186E3}.Release|Any CPU.Build.0 = Release|Any CPU
	EndGlobalSection
	GlobalSection(SolutionProperties) = preSolution
		HideSolutionNode = FALSE
	EndGlobalSection
	GlobalSection(ExtensibilityGlobals) = postSolution
		SolutionGuid = {7B3E94F3-70A8-4D10-9A31-29F566255E6B}
	EndGlobalSection
EndGlobal
